{
  "requires": true,
  "lockfileVersion": 1,
  "dependencies": {
    "balanced-match": {
      "version": "1.0.0",
      "resolved": "http://192.168.1.56:8081/repository/npm-public/balanced-match/-/balanced-match-1.0.0.tgz",
      "integrity": "sha1-ibTRmasr7kneFk6gK4nORi1xt2c="
    },
    "brace-expansion": {
      "version": "1.1.11",
      "resolved": "http://192.168.1.56:8081/repository/npm-public/brace-expansion/-/brace-expansion-1.1.11.tgz",
      "integrity": "sha1-PH/L9SnYcibz0vUrlm/1Jx60Qd0=",
      "requires": {
        "balanced-match": "^1.0.0",
        "concat-map": "0.0.1"
      }
    },
    "concat-map": {
      "version": "0.0.1",
      "resolved": "http://192.168.1.56:8081/repository/npm-public/concat-map/-/concat-map-0.0.1.tgz",
      "integrity": "sha1-2Klr13/Wjfd5OnMDajug1UBdR3s="
    },
    "cross-spawn": {
      "version": "6.0.5",
      "resolved": "http://192.168.1.56:8081/repository/npm-public/cross-spawn/-/cross-spawn-6.0.5.tgz",
      "integrity": "sha1-Sl7Hxk364iw6FBJNus3uhG2Ay8Q=",
      "requires": {
        "nice-try": "^1.0.4",
        "path-key": "^2.0.1",
        "semver": "^5.5.0",
        "shebang-command": "^1.2.0",
        "which": "^1.2.9"
      }
    },
    "end-of-stream": {
      "version": "1.4.1",
      "resolved": "http://192.168.1.56:8081/repository/npm-public/end-of-stream/-/end-of-stream-1.4.1.tgz",
      "integrity": "sha1-7SljTRm6ukY7bOa4CjchPqtx7EM=",
      "requires": {
        "once": "^1.4.0"
      }
    },
    "execa": {
      "version": "2.0.4",
      "resolved": "http://192.168.1.56:8081/repository/npm-public/execa/-/execa-2.0.4.tgz",
      "integrity": "sha1-L1zFicgdsxZihicATqTje5M5HY4=",
      "requires": {
        "cross-spawn": "^6.0.5",
        "get-stream": "^5.0.0",
        "is-stream": "^2.0.0",
        "merge-stream": "^2.0.0",
        "npm-run-path": "^3.0.0",
        "onetime": "^5.1.0",
        "p-finally": "^2.0.0",
        "signal-exit": "^3.0.2",
        "strip-final-newline": "^2.0.0"
      }
    },
    "fs.realpath": {
      "version": "1.0.0",
      "resolved": "http://192.168.1.56:8081/repository/npm-public/fs.realpath/-/fs.realpath-1.0.0.tgz",
      "integrity": "sha1-FQStJSMVjKpA20onh8sBQRmU6k8="
    },
    "get-stream": {
      "version": "5.1.0",
      "resolved": "http://192.168.1.56:8081/repository/npm-public/get-stream/-/get-stream-5.1.0.tgz",
      "integrity": "sha1-ASA83JJZf5uQkGfD5lbMH008Tck=",
      "requires": {
        "pump": "^3.0.0"
      }
    },
    "glob": {
      "version": "7.1.4",
      "resolved": "http://192.168.1.56:8081/repository/npm-public/glob/-/glob-7.1.4.tgz",
      "integrity": "sha1-qmCKL2xXetNX4a5aXCbZqNGWklU=",
      "requires": {
        "fs.realpath": "^1.0.0",
        "inflight": "^1.0.4",
        "inherits": "2",
        "minimatch": "^3.0.4",
        "once": "^1.3.0",
        "path-is-absolute": "^1.0.0"
      }
    },
    "iconv-lite": {
      "version": "0.5.0",
      "resolved": "http://192.168.1.56:8081/repository/npm-public/iconv-lite/-/iconv-lite-0.5.0.tgz",
      "integrity": "sha1-Wc3eCiopfMKusMZEWhle6J8SdVA=",
      "requires": {
        "safer-buffer": ">= 2.1.2 < 3"
      }
    },
    "inflight": {
      "version": "1.0.6",
      "resolved": "http://192.168.1.56:8081/repository/npm-public/inflight/-/inflight-1.0.6.tgz",
      "integrity": "sha1-Sb1jMdfQLQwJvJEKEHW6gWW1bfk=",
      "requires": {
        "once": "^1.3.0",
        "wrappy": "1"
      }
    },
    "inherits": {
      "version": "2.0.4",
      "resolved": "http://192.168.1.56:8081/repository/npm-public/inherits/-/inherits-2.0.4.tgz",
      "integrity": "sha1-D6LGT5MpF8NDOg3tVTY6rjdBa3w="
    },
    "is-stream": {
      "version": "2.0.0",
      "resolved": "http://192.168.1.56:8081/repository/npm-public/is-stream/-/is-stream-2.0.0.tgz",
      "integrity": "sha1-venDJoDW+uBBKdasnZIc54FfeOM="
    },
    "isexe": {
      "version": "2.0.0",
      "resolved": "http://192.168.1.56:8081/repository/npm-public/isexe/-/isexe-2.0.0.tgz",
      "integrity": "sha1-6PvzdNxVb/iUehDcsFctYz8s+hA="
    },
    "merge-stream": {
      "version": "2.0.0",
      "resolved": "http://192.168.1.56:8081/repository/npm-public/merge-stream/-/merge-stream-2.0.0.tgz",
      "integrity": "sha1-UoI2KaFN0AyXcPtq1H3GMQ8sH2A="
    },
    "mimic-fn": {
      "version": "2.1.0",
      "resolved": "http://192.168.1.56:8081/repository/npm-public/mimic-fn/-/mimic-fn-2.1.0.tgz",
      "integrity": "sha1-ftLCzMyvhNP/y3pptXcR/CCDQBs="
    },
    "minimatch": {
      "version": "3.0.4",
      "resolved": "http://192.168.1.56:8081/repository/npm-public/minimatch/-/minimatch-3.0.4.tgz",
      "integrity": "sha1-UWbihkV/AzBgZL5Ul+jbsMPTIIM=",
      "requires": {
        "brace-expansion": "^1.1.7"
      }
    },
    "nice-try": {
      "version": "1.0.5",
      "resolved": "http://192.168.1.56:8081/repository/npm-public/nice-try/-/nice-try-1.0.5.tgz",
      "integrity": "sha1-ozeKdpbOfSI+iPybdkvX7xCJ42Y="
    },
    "npm-run-path": {
      "version": "3.1.0",
      "resolved": "http://192.168.1.56:8081/repository/npm-public/npm-run-path/-/npm-run-path-3.1.0.tgz",
      "integrity": "sha1-f5G+MX9qRm7+08nymArYpO6LD6U=",
      "requires": {
        "path-key": "^3.0.0"
      },
      "dependencies": {
        "path-key": {
          "version": "3.1.0",
          "resolved": "http://192.168.1.56:8081/repository/npm-public/path-key/-/path-key-3.1.0.tgz",
          "integrity": "sha1-maENhwqAO91e5vBHDljfzS+aVNM="
        }
      }
    },
    "once": {
      "version": "1.4.0",
      "resolved": "http://192.168.1.56:8081/repository/npm-public/once/-/once-1.4.0.tgz",
      "integrity": "sha1-WDsap3WWHUsROsF9nFC6753Xa9E=",
      "requires": {
        "wrappy": "1"
      }
    },
    "onetime": {
      "version": "5.1.0",
      "resolved": "http://192.168.1.56:8081/repository/npm-public/onetime/-/onetime-5.1.0.tgz",
      "integrity": "sha1-//DzyRYX/mK7UBiWNumayKbfe+U=",
      "requires": {
        "mimic-fn": "^2.1.0"
      }
    },
    "p-finally": {
      "version": "2.0.1",
      "resolved": "http://192.168.1.56:8081/repository/npm-public/p-finally/-/p-finally-2.0.1.tgz",
      "integrity": "sha1-vW/KqcVZoJa2gIBvTWV7Pw8kBWE="
    },
    "path-is-absolute": {
      "version": "1.0.1",
      "resolved": "http://192.168.1.56:8081/repository/npm-public/path-is-absolute/-/path-is-absolute-1.0.1.tgz",
      "integrity": "sha1-F0uSaHNVNP+8es5r9TpanhtcX18="
    },
    "path-key": {
      "version": "2.0.1",
      "resolved": "http://192.168.1.56:8081/repository/npm-public/path-key/-/path-key-2.0.1.tgz",
      "integrity": "sha1-QRyttXTFoUDTpLGRDUDYDMn0C0A="
    },
    "pump": {
      "version": "3.0.0",
      "resolved": "http://192.168.1.56:8081/repository/npm-public/pump/-/pump-3.0.0.tgz",
      "integrity": "sha1-tKIRaBW94vTh6mAjVOjHVWUQemQ=",
      "requires": {
        "end-of-stream": "^1.1.0",
        "once": "^1.3.1"
      }
    },
    "rimraf": {
      "version": "3.0.0",
      "resolved": "http://192.168.1.56:8081/repository/npm-public/rimraf/-/rimraf-3.0.0.tgz",
      "integrity": "sha1-YUF21LMBC3Xlw5DrDulvbcDOu5s=",
      "requires": {
        "glob": "^7.1.3"
      }
    },
    "safer-buffer": {
      "version": "2.1.2",
      "resolved": "http://192.168.1.56:8081/repository/npm-public/safer-buffer/-/safer-buffer-2.1.2.tgz",
      "integrity": "sha1-RPoWGwGHuVSd2Eu5GAL5vYOFzWo="
    },
    "semver": {
      "version": "5.7.1",
      "resolved": "http://192.168.1.56:8081/repository/npm-public/semver/-/semver-5.7.1.tgz",
      "integrity": "sha1-qVT5Ma66UI0we78Gnv8MAclhFvc="
    },
    "shebang-command": {
      "version": "1.2.0",
      "resolved": "http://192.168.1.56:8081/repository/npm-public/shebang-command/-/shebang-command-1.2.0.tgz",
      "integrity": "sha1-RKrGW2lbAzmJaMOfNj/uXer98eo=",
      "requires": {
        "shebang-regex": "^1.0.0"
      }
    },
    "shebang-regex": {
      "version": "1.0.0",
      "resolved": "http://192.168.1.56:8081/repository/npm-public/shebang-regex/-/shebang-regex-1.0.0.tgz",
      "integrity": "sha1-2kL0l0DAtC2yypcoVxyxkMmO/qM="
    },
    "signal-exit": {
      "version": "3.0.2",
      "resolved": "http://192.168.1.56:8081/repository/npm-public/signal-exit/-/signal-exit-3.0.2.tgz",
      "integrity": "sha1-tf3AjxKH6hF4Yo5BXiUTK3NkbG0="
    },
    "strip-final-newline": {
      "version": "2.0.0",
      "resolved": "http://192.168.1.56:8081/repository/npm-public/strip-final-newline/-/strip-final-newline-2.0.0.tgz",
      "integrity": "sha1-ibhS+y/L6Tb29LMYevsKEsGrWK0="
    },
    "which": {
      "version": "1.3.1",
      "resolved": "http://192.168.1.56:8081/repository/npm-public/which/-/which-1.3.1.tgz",
      "integrity": "sha1-pFBD1U9YBTFtqNYvn1CRjT2nCwo=",
      "requires": {
        "isexe": "^2.0.0"
      }
    },
    "wrappy": {
      "version": "1.0.2",
      "resolved": "http://192.168.1.56:8081/repository/npm-public/wrappy/-/wrappy-1.0.2.tgz",
      "integrity": "sha1-tSQ9jz7BqjXxNkYFvA0QNuMKtp8="
    }
  }
}
